
Microsoft Visual Studio Solution File, Format Version 12.00
# Visual Studio Version 16
VisualStudioVersion = 16.0.30517.126
MinimumVisualStudioVersion = 10.0.40219.1
Project("{FAE04EC0-301F-11D3-BF4B-00C04F79EFBC}") = "Homework 1 on CSharp", "Homework 1 on CSharp.csproj", "{2F1E0647-76C4-41B1-B00B-01C8DC67FBC6}"
EndProject
Project("{FAE04EC0-301F-11D3-BF4B-00C04F79EFBC}") = "Testing a separate method", "..\Homework1 methodclass\Testing a separate method.csproj", "{72AF9EF2-945E-4FCB-A9CB-25F6FF9AEC83}"
EndProject
Global
	GlobalSection(SolutionConfigurationPlatforms) = preSolution
		Debug|Any CPU = Debug|Any CPU
		Release|Any CPU = Release|Any CPU
	EndGlobalSection
	GlobalSection(ProjectConfigurationPlatforms) = postSolution
		{2F1E0647-76C4-41B1-B00B-01C8DC67FBC6}.Debug|Any CPU.ActiveCfg = Debug|Any CPU
		{2F1E0647-76C4-41B1-B00B-01C8DC67FBC6}.Debug|Any CPU.Build.0 = Debug|Any CPU
		{2F1E0647-76C4-41B1-B00B-01C8DC67FBC6}.Release|Any CPU.ActiveCfg = Release|Any CPU
		{2F1E0647-76C4-41B1-B00B-01C8DC67FBC6}.Release|Any CPU.Build.0 = Release|Any CPU
		{72AF9EF2-945E-4FCB-A9CB-25F6FF9AEC83}.Debug|Any CPU.ActiveCfg = Debug|Any CPU
		{72AF9EF2-945E-4FCB-A9CB-25F6FF9AEC83}.Debug|Any CPU.Build.0 = Debug|Any CPU
		{72AF9EF2-945E-4FCB-A9CB-25F6FF9AEC83}.Release|Any CPU.ActiveCfg = Release|Any CPU
		{72AF9EF2-945E-4FCB-A9CB-25F6FF9AEC83}.Release|Any CPU.Build.0 = Release|Any CPU
	EndGlobalSection
	GlobalSection(SolutionProperties) = preSolution
		HideSolutionNode = FALSE
	EndGlobalSection
	GlobalSection(ExtensibilityGlobals) = postSolution
		SolutionGuid = {8217FAFE-1CCA-4E8F-82E6-915A40433BE9}
	EndGlobalSection
EndGlobal
